PODS:
  - Utility (0.0.1)

DEPENDENCIES:
  - Utility (from `https://github.com/murali-git/Utility.git`)

EXTERNAL SOURCES:
  Utility:
    :git: https://github.com/murali-git/Utility.git

CHECKOUT OPTIONS:
  Utility:
    :commit: bdf2be9afdb6efb2e4ba9f145366166dc7755744
    :git: https://github.com/murali-git/Utility.git

SPEC CHECKSUMS:
  Utility: 76da486f7c579c06f3fe12aecb30d466157363ff

PODFILE CHECKSUM: a8a4c97bb9866f31427e556b947d4cd5e1267bc5

COCOAPODS: 1.2.0.rc.1
